{
  "pins" : [
    {
      "identity" : "abseil-cpp-swiftpm",
      "kind" : "remoteSourceControl",
      "location" : "https://github.com/firebase/abseil-cpp-SwiftPM.git",
      "state" : {
        "revision" : "583de9bd60f66b40e78d08599cc92036c2e7e4e1",
        "version" : "0.20220203.2"
      }
    },
    {
      "identity" : "bigint",
      "kind" : "remoteSourceControl",
      "location" : "https://github.com/attaswift/BigInt.git",
      "state" : {
        "revision" : "0ed110f7555c34ff468e72e1686e59721f2b0da6",
        "version" : "5.3.0"
      }
    },
    {
      "identity" : "boringssl-swiftpm",
      "kind" : "remoteSourceControl",
      "location" : "https://github.com/firebase/boringssl-SwiftPM.git",
      "state" : {
        "revision" : "dd3eda2b05a3f459fc3073695ad1b28659066eab",
        "version" : "0.9.1"
      }
    },
    {
      "identity" : "cryptoswift",
      "kind" : "remoteSourceControl",
      "location" : "https://github.com/krzyzanowskim/CryptoSwift.git",
      "state" : {
        "revision" : "19b3c3ceed117c5cc883517c4e658548315ba70b",
        "version" : "1.6.0"
      }
    },
    {
      "identity" : "fcl-swift",
      "kind" : "remoteSourceControl",
      "location" : "https://github.com/outblock/fcl-swift.git",
      "state" : {
        "revision" : "393783732f0eef171469b8239683536df73b7450",
        "version" : "0.1.0"
      }
    },
    {
      "identity" : "firebase-ios-sdk",
      "kind" : "remoteSourceControl",
      "location" : "https://github.com/firebase/firebase-ios-sdk",
      "state" : {
        "revision" : "7e80c25b51c2ffa238879b07fbfc5baa54bb3050",
        "version" : "9.6.0"
      }
    },
    {
      "identity" : "flow-swift",
      "kind" : "remoteSourceControl",
      "location" : "https://github.com/outblock/flow-swift.git",
      "state" : {
        "revision" : "e1721bea71d8a27e209398f5a740ef02f6c6c920",
        "version" : "0.3.1"
      }
    },
    {
      "identity" : "googleappmeasurement",
      "kind" : "remoteSourceControl",
      "location" : "https://github.com/google/GoogleAppMeasurement.git",
      "state" : {
        "revision" : "c1cfde8067668027b23a42c29d11c246152fe046",
        "version" : "9.6.0"
      }
    },
    {
      "identity" : "googledatatransport",
      "kind" : "remoteSourceControl",
      "location" : "https://github.com/google/GoogleDataTransport.git",
      "state" : {
        "revision" : "f6b558e3f801f2cac336b04f615ce111fa9ddaa0",
        "version" : "9.2.1"
      }
    },
    {
      "identity" : "googleutilities",
      "kind" : "remoteSourceControl",
      "location" : "https://github.com/google/GoogleUtilities.git",
      "state" : {
        "revision" : "0543562f85620b5b7c510c6bcbef75b562a5127b",
        "version" : "7.11.0"
      }
    },
    {
      "identity" : "grpc-ios",
      "kind" : "remoteSourceControl",
      "location" : "https://github.com/grpc/grpc-ios.git",
      "state" : {
        "revision" : "8440b914756e0d26d4f4d054a1c1581daedfc5b6",
        "version" : "1.44.3-grpc"
      }
    },
    {
      "identity" : "gtm-session-fetcher",
      "kind" : "remoteSourceControl",
      "location" : "https://github.com/google/gtm-session-fetcher.git",
      "state" : {
        "revision" : "5ccda3981422a84186387dbb763ba739178b529c",
        "version" : "2.3.0"
      }
    },
    {
      "identity" : "gzipswift",
      "kind" : "remoteSourceControl",
      "location" : "https://github.com/1024jp/GzipSwift",
      "state" : {
        "revision" : "7a7f17761c76a932662ab77028a4329f67d645a4",
        "version" : "5.2.0"
      }
    },
    {
      "identity" : "leveldb",
      "kind" : "remoteSourceControl",
      "location" : "https://github.com/firebase/leveldb.git",
      "state" : {
        "revision" : "0706abcc6b0bd9cedfbb015ba840e4a780b5159b",
        "version" : "1.22.2"
      }
    },
    {
      "identity" : "nanopb",
      "kind" : "remoteSourceControl",
      "location" : "https://github.com/firebase/nanopb.git",
      "state" : {
        "revision" : "819d0a2173aff699fb8c364b6fb906f7cdb1a692",
        "version" : "2.30909.0"
      }
    },
    {
      "identity" : "promisekit",
      "kind" : "remoteSourceControl",
      "location" : "https://github.com/mxcl/PromiseKit.git",
      "state" : {
        "revision" : "5b90042bb419e6f3b1719c973f37e1eab46ce991",
        "version" : "6.21.0"
      }
    },
    {
      "identity" : "promises",
      "kind" : "remoteSourceControl",
      "location" : "https://github.com/google/promises.git",
      "state" : {
        "revision" : "ec957ccddbcc710ccc64c9dcbd4c7006fcf8b73a",
        "version" : "2.2.0"
      }
    },
    {
      "identity" : "secp256k1.swift",
      "kind" : "remoteSourceControl",
      "location" : "https://github.com/Boilertalk/secp256k1.swift.git",
      "state" : {
        "revision" : "cd187c632fb812fd93711a9f7e644adb7e5f97f0",
        "version" : "0.1.7"
      }
    },
    {
      "identity" : "starscream",
      "kind" : "remoteSourceControl",
      "location" : "https://github.com/daltoniam/Starscream",
      "state" : {
        "revision" : "e6b65c6d9077ea48b4a7bdda8994a1d3c6969c8d",
        "version" : "3.1.1"
      }
    },
    {
      "identity" : "swift-nio-zlib-support",
      "kind" : "remoteSourceControl",
      "location" : "https://github.com/apple/swift-nio-zlib-support.git",
      "state" : {
        "revision" : "37760e9a52030bb9011972c5213c3350fa9d41fd",
        "version" : "1.0.0"
      }
    },
    {
      "identity" : "swift-protobuf",
      "kind" : "remoteSourceControl",
      "location" : "https://github.com/apple/swift-protobuf.git",
      "state" : {
        "revision" : "0af9125c4eae12a4973fb66574c53a54962a9e1e",
        "version" : "1.21.0"
      }
    },
    {
      "identity" : "walletconnectswiftv2",
      "kind" : "remoteSourceControl",
      "location" : "https://github.com/WalletConnect/WalletConnectSwiftV2",
      "state" : {
        "revision" : "41966b44442a0f77378ab55f70d89ec3f1c35c66",
        "version" : "1.0.6"
      }
    },
    {
      "identity" : "web3.swift",
      "kind" : "remoteSourceControl",
      "location" : "https://github.com/WalletConnect/Web3.swift",
      "state" : {
        "revision" : "a628f094f8088ec72a95792de18eeea24b997462",
        "version" : "1.0.0"
      }
    },
    {
      "identity" : "wrappinghstack",
      "kind" : "remoteSourceControl",
      "location" : "https://github.com/dkk/WrappingHStack",
      "state" : {
        "revision" : "44987fbb01112e6ec72098dc6481187dd53ad4d2",
        "version" : "2.2.9"
      }
    }
  ],
  "version" : 2
}
