// !$*UTF8*$!
{
	archiveVersion = 1;
	classes = {
	};
	objectVersion = 56;
	objects = {

/* Begin PBXBuildFile section */
		C131152E29A2875100227386 /* Flow_ChatApp.swift in Sources */ = {isa = PBXBuildFile; fileRef = C131152D29A2875100227386 /* Flow_ChatApp.swift */; };
		C131153029A2875100227386 /* ContentView.swift in Sources */ = {isa = PBXBuildFile; fileRef = C131152F29A2875100227386 /* ContentView.swift */; };
		C131153229A2875400227386 /* Assets.xcassets in Resources */ = {isa = PBXBuildFile; fileRef = C131153129A2875400227386 /* Assets.xcassets */; };
		C131153529A2875400227386 /* Preview Assets.xcassets in Resources */ = {isa = PBXBuildFile; fileRef = C131153429A2875400227386 /* Preview Assets.xcassets */; };
		C131156429A2A6EF00227386 /* LoginView.swift in Sources */ = {isa = PBXBuildFile; fileRef = C131156329A2A6EF00227386 /* LoginView.swift */; };
		C131156729A2A94D00227386 /* FCL in Frameworks */ = {isa = PBXBuildFile; productRef = C131156629A2A94D00227386 /* FCL */; };
		C131156C29A2AAFD00227386 /* FlowManager.swift in Sources */ = {isa = PBXBuildFile; fileRef = C131156B29A2AAFD00227386 /* FlowManager.swift */; };
		C1F719E929A2B621003A2B08 /* AnyViewModel.swift in Sources */ = {isa = PBXBuildFile; fileRef = C1F719E829A2B621003A2B08 /* AnyViewModel.swift */; };
		C1F719EC29A2B66A003A2B08 /* ContentViewModel.swift in Sources */ = {isa = PBXBuildFile; fileRef = C1F719EB29A2B66A003A2B08 /* ContentViewModel.swift */; };
		C1F719EE29A3D636003A2B08 /* FlowCadence.swift in Sources */ = {isa = PBXBuildFile; fileRef = C1F719ED29A3D636003A2B08 /* FlowCadence.swift */; };
/* End PBXBuildFile section */

/* Begin PBXContainerItemProxy section */
		C131153B29A2875500227386 /* PBXContainerItemProxy */ = {
			isa = PBXContainerItemProxy;
			containerPortal = C131152229A2875100227386 /* Project object */;
			proxyType = 1;
			remoteGlobalIDString = C131152929A2875100227386;
			remoteInfo = "Flow Chat";
		};
		C131154529A2875500227386 /* PBXContainerItemProxy */ = {
			isa = PBXContainerItemProxy;
			containerPortal = C131152229A2875100227386 /* Project object */;
			proxyType = 1;
			remoteGlobalIDString = C131152929A2875100227386;
			remoteInfo = "Flow Chat";
		};
/* End PBXContainerItemProxy section */

/* Begin PBXFileReference section */
		C131152A29A2875100227386 /* Flow Chat.app */ = {isa = PBXFileReference; explicitFileType = wrapper.application; includeInIndex = 0; path = "Flow Chat.app"; sourceTree = BUILT_PRODUCTS_DIR; };
		C131152D29A2875100227386 /* Flow_ChatApp.swift */ = {isa = PBXFileReference; lastKnownFileType = sourcecode.swift; path = Flow_ChatApp.swift; sourceTree = "<group>"; };
		C131152F29A2875100227386 /* ContentView.swift */ = {isa = PBXFileReference; lastKnownFileType = sourcecode.swift; path = ContentView.swift; sourceTree = "<group>"; };
		C131153129A2875400227386 /* Assets.xcassets */ = {isa = PBXFileReference; lastKnownFileType = folder.assetcatalog; path = Assets.xcassets; sourceTree = "<group>"; };
		C131153429A2875400227386 /* Preview Assets.xcassets */ = {isa = PBXFileReference; lastKnownFileType = folder.assetcatalog; path = "Preview Assets.xcassets"; sourceTree = "<group>"; };
		C131153A29A2875500227386 /* Flow ChatTests.xctest */ = {isa = PBXFileReference; explicitFileType = wrapper.cfbundle; includeInIndex = 0; path = "Flow ChatTests.xctest"; sourceTree = BUILT_PRODUCTS_DIR; };
		C131154429A2875500227386 /* Flow ChatUITests.xctest */ = {isa = PBXFileReference; explicitFileType = wrapper.cfbundle; includeInIndex = 0; path = "Flow ChatUITests.xctest"; sourceTree = BUILT_PRODUCTS_DIR; };
		C131156329A2A6EF00227386 /* LoginView.swift */ = {isa = PBXFileReference; lastKnownFileType = sourcecode.swift; path = LoginView.swift; sourceTree = "<group>"; };
		C131156B29A2AAFD00227386 /* FlowManager.swift */ = {isa = PBXFileReference; lastKnownFileType = sourcecode.swift; path = FlowManager.swift; sourceTree = "<group>"; };
		C1F719E829A2B621003A2B08 /* AnyViewModel.swift */ = {isa = PBXFileReference; lastKnownFileType = sourcecode.swift; path = AnyViewModel.swift; sourceTree = "<group>"; };
		C1F719EB29A2B66A003A2B08 /* ContentViewModel.swift */ = {isa = PBXFileReference; lastKnownFileType = sourcecode.swift; path = ContentViewModel.swift; sourceTree = "<group>"; };
		C1F719ED29A3D636003A2B08 /* FlowCadence.swift */ = {isa = PBXFileReference; lastKnownFileType = sourcecode.swift; path = FlowCadence.swift; sourceTree = "<group>"; };
/* End PBXFileReference section */

/* Begin PBXFrameworksBuildPhase section */
		C131152729A2875100227386 /* Frameworks */ = {
			isa = PBXFrameworksBuildPhase;
			buildActionMask = 2147483647;
			files = (
				C131156729A2A94D00227386 /* FCL in Frameworks */,
			);
			runOnlyForDeploymentPostprocessing = 0;
		};
		C131153729A2875500227386 /* Frameworks */ = {
			isa = PBXFrameworksBuildPhase;
			buildActionMask = 2147483647;
			files = (
			);
			runOnlyForDeploymentPostprocessing = 0;
		};
		C131154129A2875500227386 /* Frameworks */ = {
			isa = PBXFrameworksBuildPhase;
			buildActionMask = 2147483647;
			files = (
			);
			runOnlyForDeploymentPostprocessing = 0;
		};
/* End PBXFrameworksBuildPhase section */

/* Begin PBXGroup section */
		C131152129A2875100227386 = {
			isa = PBXGroup;
			children = (
				C131152C29A2875100227386 /* Flow Chat */,
				C131152B29A2875100227386 /* Products */,
			);
			sourceTree = "<group>";
		};
		C131152B29A2875100227386 /* Products */ = {
			isa = PBXGroup;
			children = (
				C131152A29A2875100227386 /* Flow Chat.app */,
				C131153A29A2875500227386 /* Flow ChatTests.xctest */,
				C131154429A2875500227386 /* Flow ChatUITests.xctest */,
			);
			name = Products;
			sourceTree = "<group>";
		};
		C131152C29A2875100227386 /* Flow Chat */ = {
			isa = PBXGroup;
			children = (
				C1F719E629A2B603003A2B08 /* UI */,
				C131156A29A2AAF000227386 /* Flow */,
				C131152D29A2875100227386 /* Flow_ChatApp.swift */,
				C131153129A2875400227386 /* Assets.xcassets */,
				C131153329A2875400227386 /* Preview Content */,
			);
			path = "Flow Chat";
			sourceTree = "<group>";
		};
		C131153329A2875400227386 /* Preview Content */ = {
			isa = PBXGroup;
			children = (
				C131153429A2875400227386 /* Preview Assets.xcassets */,
			);
			path = "Preview Content";
			sourceTree = "<group>";
		};
		C131156A29A2AAF000227386 /* Flow */ = {
			isa = PBXGroup;
			children = (
				C131156B29A2AAFD00227386 /* FlowManager.swift */,
				C1F719ED29A3D636003A2B08 /* FlowCadence.swift */,
			);
			path = Flow;
			sourceTree = "<group>";
		};
		C1F719E629A2B603003A2B08 /* UI */ = {
			isa = PBXGroup;
			children = (
				C1F719EA29A2B640003A2B08 /* Pages */,
				C1F719E729A2B616003A2B08 /* Base */,
			);
			path = UI;
			sourceTree = "<group>";
		};
		C1F719E729A2B616003A2B08 /* Base */ = {
			isa = PBXGroup;
			children = (
				C1F719E829A2B621003A2B08 /* AnyViewModel.swift */,
			);
			path = Base;
			sourceTree = "<group>";
		};
		C1F719EA29A2B640003A2B08 /* Pages */ = {
			isa = PBXGroup;
			children = (
				C131156329A2A6EF00227386 /* LoginView.swift */,
				C131152F29A2875100227386 /* ContentView.swift */,
				C1F719EB29A2B66A003A2B08 /* ContentViewModel.swift */,
			);
			path = Pages;
			sourceTree = "<group>";
		};
/* End PBXGroup section */

/* Begin PBXNativeTarget section */
		C131152929A2875100227386 /* Flow Chat */ = {
			isa = PBXNativeTarget;
			buildConfigurationList = C131154E29A2875500227386 /* Build configuration list for PBXNativeTarget "Flow Chat" */;
			buildPhases = (
				C131152629A2875100227386 /* Sources */,
				C131152729A2875100227386 /* Frameworks */,
				C131152829A2875100227386 /* Resources */,
			);
			buildRules = (
			);
			dependencies = (
			);
			name = "Flow Chat";
			packageProductDependencies = (
				C131156629A2A94D00227386 /* FCL */,
			);
			productName = "Flow Chat";
			productReference = C131152A29A2875100227386 /* Flow Chat.app */;
			productType = "com.apple.product-type.application";
		};
		C131153929A2875500227386 /* Flow ChatTests */ = {
			isa = PBXNativeTarget;
			buildConfigurationList = C131155129A2875500227386 /* Build configuration list for PBXNativeTarget "Flow ChatTests" */;
			buildPhases = (
				C131153629A2875500227386 /* Sources */,
				C131153729A2875500227386 /* Frameworks */,
				C131153829A2875500227386 /* Resources */,
			);
			buildRules = (
			);
			dependencies = (
				C131153C29A2875500227386 /* PBXTargetDependency */,
			);
			name = "Flow ChatTests";
			productName = "Flow ChatTests";
			productReference = C131153A29A2875500227386 /* Flow ChatTests.xctest */;
			productType = "com.apple.product-type.bundle.unit-test";
		};
		C131154329A2875500227386 /* Flow ChatUITests */ = {
			isa = PBXNativeTarget;
			buildConfigurationList = C131155429A2875500227386 /* Build configuration list for PBXNativeTarget "Flow ChatUITests" */;
			buildPhases = (
				C131154029A2875500227386 /* Sources */,
				C131154129A2875500227386 /* Frameworks */,
				C131154229A2875500227386 /* Resources */,
			);
			buildRules = (
			);
			dependencies = (
				C131154629A2875500227386 /* PBXTargetDependency */,
			);
			name = "Flow ChatUITests";
			productName = "Flow ChatUITests";
			productReference = C131154429A2875500227386 /* Flow ChatUITests.xctest */;
			productType = "com.apple.product-type.bundle.ui-testing";
		};
/* End PBXNativeTarget section */

/* Begin PBXProject section */
		C131152229A2875100227386 /* Project object */ = {
			isa = PBXProject;
			attributes = {
				BuildIndependentTargetsInParallel = 1;
				LastSwiftUpdateCheck = 1420;
				LastUpgradeCheck = 1420;
				TargetAttributes = {
					C131152929A2875100227386 = {
						CreatedOnToolsVersion = 14.2;
					};
					C131153929A2875500227386 = {
						CreatedOnToolsVersion = 14.2;
						TestTargetID = C131152929A2875100227386;
					};
					C131154329A2875500227386 = {
						CreatedOnToolsVersion = 14.2;
						TestTargetID = C131152929A2875100227386;
					};
				};
			};
			buildConfigurationList = C131152529A2875100227386 /* Build configuration list for PBXProject "Flow Chat" */;
			compatibilityVersion = "Xcode 14.0";
			developmentRegion = en;
			hasScannedForEncodings = 0;
			knownRegions = (
				en,
				Base,
			);
			mainGroup = C131152129A2875100227386;
			packageReferences = (
				C131156529A2A94D00227386 /* XCRemoteSwiftPackageReference "fcl-swift" */,
			);
			productRefGroup = C131152B29A2875100227386 /* Products */;
			projectDirPath = "";
			projectRoot = "";
			targets = (
				C131152929A2875100227386 /* Flow Chat */,
				C131153929A2875500227386 /* Flow ChatTests */,
				C131154329A2875500227386 /* Flow ChatUITests */,
			);
		};
/* End PBXProject section */

/* Begin PBXResourcesBuildPhase section */
		C131152829A2875100227386 /* Resources */ = {
			isa = PBXResourcesBuildPhase;
			buildActionMask = 2147483647;
			files = (
				C131153529A2875400227386 /* Preview Assets.xcassets in Resources */,
				C131153229A2875400227386 /* Assets.xcassets in Resources */,
			);
			runOnlyForDeploymentPostprocessing = 0;
		};
		C131153829A2875500227386 /* Resources */ = {
			isa = PBXResourcesBuildPhase;
			buildActionMask = 2147483647;
			files = (
			);
			runOnlyForDeploymentPostprocessing = 0;
		};
		C131154229A2875500227386 /* Resources */ = {
			isa = PBXResourcesBuildPhase;
			buildActionMask = 2147483647;
			files = (
			);
			runOnlyForDeploymentPostprocessing = 0;
		};
/* End PBXResourcesBuildPhase section */

/* Begin PBXSourcesBuildPhase section */
		C131152629A2875100227386 /* Sources */ = {
			isa = PBXSourcesBuildPhase;
			buildActionMask = 2147483647;
			files = (
				C131156C29A2AAFD00227386 /* FlowManager.swift in Sources */,
				C131156429A2A6EF00227386 /* LoginView.swift in Sources */,
				C1F719EE29A3D636003A2B08 /* FlowCadence.swift in Sources */,
				C1F719EC29A2B66A003A2B08 /* ContentViewModel.swift in Sources */,
				C131153029A2875100227386 /* ContentView.swift in Sources */,
				C1F719E929A2B621003A2B08 /* AnyViewModel.swift in Sources */,
				C131152E29A2875100227386 /* Flow_ChatApp.swift in Sources */,
			);
			runOnlyForDeploymentPostprocessing = 0;
		};
		C131153629A2875500227386 /* Sources */ = {
			isa = PBXSourcesBuildPhase;
			buildActionMask = 2147483647;
			files = (
			);
			runOnlyForDeploymentPostprocessing = 0;
		};
		C131154029A2875500227386 /* Sources */ = {
			isa = PBXSourcesBuildPhase;
			buildActionMask = 2147483647;
			files = (
			);
			runOnlyForDeploymentPostprocessing = 0;
		};
/* End PBXSourcesBuildPhase section */

/* Begin PBXTargetDependency section */
		C131153C29A2875500227386 /* PBXTargetDependency */ = {
			isa = PBXTargetDependency;
			target = C131152929A2875100227386 /* Flow Chat */;
			targetProxy = C131153B29A2875500227386 /* PBXContainerItemProxy */;
		};
		C131154629A2875500227386 /* PBXTargetDependency */ = {
			isa = PBXTargetDependency;
			target = C131152929A2875100227386 /* Flow Chat */;
			targetProxy = C131154529A2875500227386 /* PBXContainerItemProxy */;
		};
/* End PBXTargetDependency section */

/* Begin XCBuildConfiguration section */
		C131154C29A2875500227386 /* Debug */ = {
			isa = XCBuildConfiguration;
			buildSettings = {
				ALWAYS_SEARCH_USER_PATHS = NO;
				CLANG_ANALYZER_NONNULL = YES;
				CLANG_ANALYZER_NUMBER_OBJECT_CONVERSION = YES_AGGRESSIVE;
				CLANG_CXX_LANGUAGE_STANDARD = "gnu++20";
				CLANG_ENABLE_MODULES = YES;
				CLANG_ENABLE_OBJC_ARC = YES;
				CLANG_ENABLE_OBJC_WEAK = YES;
				CLANG_WARN_BLOCK_CAPTURE_AUTORELEASING = YES;
				CLANG_WARN_BOOL_CONVERSION = YES;
				CLANG_WARN_COMMA = YES;
				CLANG_WARN_CONSTANT_CONVERSION = YES;
				CLANG_WARN_DEPRECATED_OBJC_IMPLEMENTATIONS = YES;
				CLANG_WARN_DIRECT_OBJC_ISA_USAGE = YES_ERROR;
				CLANG_WARN_DOCUMENTATION_COMMENTS = YES;
				CLANG_WARN_EMPTY_BODY = YES;
				CLANG_WARN_ENUM_CONVERSION = YES;
				CLANG_WARN_INFINITE_RECURSION = YES;
				CLANG_WARN_INT_CONVERSION = YES;
				CLANG_WARN_NON_LITERAL_NULL_CONVERSION = YES;
				CLANG_WARN_OBJC_IMPLICIT_RETAIN_SELF = YES;
				CLANG_WARN_OBJC_LITERAL_CONVERSION = YES;
				CLANG_WARN_OBJC_ROOT_CLASS = YES_ERROR;
				CLANG_WARN_QUOTED_INCLUDE_IN_FRAMEWORK_HEADER = YES;
				CLANG_WARN_RANGE_LOOP_ANALYSIS = YES;
				CLANG_WARN_STRICT_PROTOTYPES = YES;
				CLANG_WARN_SUSPICIOUS_MOVE = YES;
				CLANG_WARN_UNGUARDED_AVAILABILITY = YES_AGGRESSIVE;
				CLANG_WARN_UNREACHABLE_CODE = YES;
				CLANG_WARN__DUPLICATE_METHOD_MATCH = YES;
				COPY_PHASE_STRIP = NO;
				DEBUG_INFORMATION_FORMAT = dwarf;
				ENABLE_STRICT_OBJC_MSGSEND = YES;
				ENABLE_TESTABILITY = YES;
				GCC_C_LANGUAGE_STANDARD = gnu11;
				GCC_DYNAMIC_NO_PIC = NO;
				GCC_NO_COMMON_BLOCKS = YES;
				GCC_OPTIMIZATION_LEVEL = 0;
				GCC_PREPROCESSOR_DEFINITIONS = (
					"DEBUG=1",
					"$(inherited)",
				);
				GCC_WARN_64_TO_32_BIT_CONVERSION = YES;
				GCC_WARN_ABOUT_RETURN_TYPE = YES_ERROR;
				GCC_WARN_UNDECLARED_SELECTOR = YES;
				GCC_WARN_UNINITIALIZED_AUTOS = YES_AGGRESSIVE;
				GCC_WARN_UNUSED_FUNCTION = YES;
				GCC_WARN_UNUSED_VARIABLE = YES;
				IPHONEOS_DEPLOYMENT_TARGET = 16.2;
				MTL_ENABLE_DEBUG_INFO = INCLUDE_SOURCE;
				MTL_FAST_MATH = YES;
				ONLY_ACTIVE_ARCH = YES;
				SDKROOT = iphoneos;
				SWIFT_ACTIVE_COMPILATION_CONDITIONS = DEBUG;
				SWIFT_OPTIMIZATION_LEVEL = "-Onone";
			};
			name = Debug;
		};
		C131154D29A2875500227386 /* Release */ = {
			isa = XCBuildConfiguration;
			buildSettings = {
				ALWAYS_SEARCH_USER_PATHS = NO;
				CLANG_ANALYZER_NONNULL = YES;
				CLANG_ANALYZER_NUMBER_OBJECT_CONVERSION = YES_AGGRESSIVE;
				CLANG_CXX_LANGUAGE_STANDARD = "gnu++20";
				CLANG_ENABLE_MODULES = YES;
				CLANG_ENABLE_OBJC_ARC = YES;
				CLANG_ENABLE_OBJC_WEAK = YES;
				CLANG_WARN_BLOCK_CAPTURE_AUTORELEASING = YES;
				CLANG_WARN_BOOL_CONVERSION = YES;
				CLANG_WARN_COMMA = YES;
				CLANG_WARN_CONSTANT_CONVERSION = YES;
				CLANG_WARN_DEPRECATED_OBJC_IMPLEMENTATIONS = YES;
				CLANG_WARN_DIRECT_OBJC_ISA_USAGE = YES_ERROR;
				CLANG_WARN_DOCUMENTATION_COMMENTS = YES;
				CLANG_WARN_EMPTY_BODY = YES;
				CLANG_WARN_ENUM_CONVERSION = YES;
				CLANG_WARN_INFINITE_RECURSION = YES;
				CLANG_WARN_INT_CONVERSION = YES;
				CLANG_WARN_NON_LITERAL_NULL_CONVERSION = YES;
				CLANG_WARN_OBJC_IMPLICIT_RETAIN_SELF = YES;
				CLANG_WARN_OBJC_LITERAL_CONVERSION = YES;
				CLANG_WARN_OBJC_ROOT_CLASS = YES_ERROR;
				CLANG_WARN_QUOTED_INCLUDE_IN_FRAMEWORK_HEADER = YES;
				CLANG_WARN_RANGE_LOOP_ANALYSIS = YES;
				CLANG_WARN_STRICT_PROTOTYPES = YES;
				CLANG_WARN_SUSPICIOUS_MOVE = YES;
				CLANG_WARN_UNGUARDED_AVAILABILITY = YES_AGGRESSIVE;
				CLANG_WARN_UNREACHABLE_CODE = YES;
				CLANG_WARN__DUPLICATE_METHOD_MATCH = YES;
				COPY_PHASE_STRIP = NO;
				DEBUG_INFORMATION_FORMAT = "dwarf-with-dsym";
				ENABLE_NS_ASSERTIONS = NO;
				ENABLE_STRICT_OBJC_MSGSEND = YES;
				GCC_C_LANGUAGE_STANDARD = gnu11;
				GCC_NO_COMMON_BLOCKS = YES;
				GCC_WARN_64_TO_32_BIT_CONVERSION = YES;
				GCC_WARN_ABOUT_RETURN_TYPE = YES_ERROR;
				GCC_WARN_UNDECLARED_SELECTOR = YES;
				GCC_WARN_UNINITIALIZED_AUTOS = YES_AGGRESSIVE;
				GCC_WARN_UNUSED_FUNCTION = YES;
				GCC_WARN_UNUSED_VARIABLE = YES;
				IPHONEOS_DEPLOYMENT_TARGET = 16.2;
				MTL_ENABLE_DEBUG_INFO = NO;
				MTL_FAST_MATH = YES;
				SDKROOT = iphoneos;
				SWIFT_COMPILATION_MODE = wholemodule;
				SWIFT_OPTIMIZATION_LEVEL = "-O";
				VALIDATE_PRODUCT = YES;
			};
			name = Release;
		};
		C131154F29A2875500227386 /* Debug */ = {
			isa = XCBuildConfiguration;
			buildSettings = {
				ASSETCATALOG_COMPILER_APPICON_NAME = AppIcon;
				ASSETCATALOG_COMPILER_GLOBAL_ACCENT_COLOR_NAME = AccentColor;
				CODE_SIGN_STYLE = Automatic;
				CURRENT_PROJECT_VERSION = 1;
				DEVELOPMENT_ASSET_PATHS = "\"Flow Chat/Preview Content\"";
				DEVELOPMENT_TEAM = A78B6D7CUR;
				ENABLE_PREVIEWS = YES;
				GENERATE_INFOPLIST_FILE = YES;
				INFOPLIST_KEY_UIApplicationSceneManifest_Generation = YES;
				INFOPLIST_KEY_UIApplicationSupportsIndirectInputEvents = YES;
				INFOPLIST_KEY_UILaunchScreen_Generation = YES;
				INFOPLIST_KEY_UISupportedInterfaceOrientations_iPad = "UIInterfaceOrientationPortrait UIInterfaceOrientationPortraitUpsideDown UIInterfaceOrientationLandscapeLeft UIInterfaceOrientationLandscapeRight";
				INFOPLIST_KEY_UISupportedInterfaceOrientations_iPhone = "UIInterfaceOrientationPortrait UIInterfaceOrientationLandscapeLeft UIInterfaceOrientationLandscapeRight";
				LD_RUNPATH_SEARCH_PATHS = (
					"$(inherited)",
					"@executable_path/Frameworks",
				);
				MARKETING_VERSION = 1.0;
				PRODUCT_BUNDLE_IDENTIFIER = "Flow-Chat.Flow-Chat";
				PRODUCT_NAME = "$(TARGET_NAME)";
				SWIFT_EMIT_LOC_STRINGS = YES;
				SWIFT_VERSION = 5.0;
				TARGETED_DEVICE_FAMILY = "1,2";
			};
			name = Debug;
		};
		C131155029A2875500227386 /* Release */ = {
			isa = XCBuildConfiguration;
			buildSettings = {
				ASSETCATALOG_COMPILER_APPICON_NAME = AppIcon;
				ASSETCATALOG_COMPILER_GLOBAL_ACCENT_COLOR_NAME = AccentColor;
				CODE_SIGN_STYLE = Automatic;
				CURRENT_PROJECT_VERSION = 1;
				DEVELOPMENT_ASSET_PATHS = "\"Flow Chat/Preview Content\"";
				DEVELOPMENT_TEAM = A78B6D7CUR;
				ENABLE_PREVIEWS = YES;
				GENERATE_INFOPLIST_FILE = YES;
				INFOPLIST_KEY_UIApplicationSceneManifest_Generation = YES;
				INFOPLIST_KEY_UIApplicationSupportsIndirectInputEvents = YES;
				INFOPLIST_KEY_UILaunchScreen_Generation = YES;
				INFOPLIST_KEY_UISupportedInterfaceOrientations_iPad = "UIInterfaceOrientationPortrait UIInterfaceOrientationPortraitUpsideDown UIInterfaceOrientationLandscapeLeft UIInterfaceOrientationLandscapeRight";
				INFOPLIST_KEY_UISupportedInterfaceOrientations_iPhone = "UIInterfaceOrientationPortrait UIInterfaceOrientationLandscapeLeft UIInterfaceOrientationLandscapeRight";
				LD_RUNPATH_SEARCH_PATHS = (
					"$(inherited)",
					"@executable_path/Frameworks",
				);
				MARKETING_VERSION = 1.0;
				PRODUCT_BUNDLE_IDENTIFIER = "Flow-Chat.Flow-Chat";
				PRODUCT_NAME = "$(TARGET_NAME)";
				SWIFT_EMIT_LOC_STRINGS = YES;
				SWIFT_VERSION = 5.0;
				TARGETED_DEVICE_FAMILY = "1,2";
			};
			name = Release;
		};
		C131155229A2875500227386 /* Debug */ = {
			isa = XCBuildConfiguration;
			buildSettings = {
				ALWAYS_EMBED_SWIFT_STANDARD_LIBRARIES = YES;
				BUNDLE_LOADER = "$(TEST_HOST)";
				CODE_SIGN_STYLE = Automatic;
				CURRENT_PROJECT_VERSION = 1;
				GENERATE_INFOPLIST_FILE = YES;
				IPHONEOS_DEPLOYMENT_TARGET = 16.2;
				MARKETING_VERSION = 1.0;
				PRODUCT_BUNDLE_IDENTIFIER = "Flow-Chat.Flow-ChatTests";
				PRODUCT_NAME = "$(TARGET_NAME)";
				SWIFT_EMIT_LOC_STRINGS = NO;
				SWIFT_VERSION = 5.0;
				TARGETED_DEVICE_FAMILY = "1,2";
				TEST_HOST = "$(BUILT_PRODUCTS_DIR)/Flow Chat.app/$(BUNDLE_EXECUTABLE_FOLDER_PATH)/Flow Chat";
			};
			name = Debug;
		};
		C131155329A2875500227386 /* Release */ = {
			isa = XCBuildConfiguration;
			buildSettings = {
				ALWAYS_EMBED_SWIFT_STANDARD_LIBRARIES = YES;
				BUNDLE_LOADER = "$(TEST_HOST)";
				CODE_SIGN_STYLE = Automatic;
				CURRENT_PROJECT_VERSION = 1;
				GENERATE_INFOPLIST_FILE = YES;
				IPHONEOS_DEPLOYMENT_TARGET = 16.2;
				MARKETING_VERSION = 1.0;
				PRODUCT_BUNDLE_IDENTIFIER = "Flow-Chat.Flow-ChatTests";
				PRODUCT_NAME = "$(TARGET_NAME)";
				SWIFT_EMIT_LOC_STRINGS = NO;
				SWIFT_VERSION = 5.0;
				TARGETED_DEVICE_FAMILY = "1,2";
				TEST_HOST = "$(BUILT_PRODUCTS_DIR)/Flow Chat.app/$(BUNDLE_EXECUTABLE_FOLDER_PATH)/Flow Chat";
			};
			name = Release;
		};
		C131155529A2875500227386 /* Debug */ = {
			isa = XCBuildConfiguration;
			buildSettings = {
				ALWAYS_EMBED_SWIFT_STANDARD_LIBRARIES = YES;
				CODE_SIGN_STYLE = Automatic;
				CURRENT_PROJECT_VERSION = 1;
				GENERATE_INFOPLIST_FILE = YES;
				MARKETING_VERSION = 1.0;
				PRODUCT_BUNDLE_IDENTIFIER = "Flow-Chat.Flow-ChatUITests";
				PRODUCT_NAME = "$(TARGET_NAME)";
				SWIFT_EMIT_LOC_STRINGS = NO;
				SWIFT_VERSION = 5.0;
				TARGETED_DEVICE_FAMILY = "1,2";
				TEST_TARGET_NAME = "Flow Chat";
			};
			name = Debug;
		};
		C131155629A2875500227386 /* Release */ = {
			isa = XCBuildConfiguration;
			buildSettings = {
				ALWAYS_EMBED_SWIFT_STANDARD_LIBRARIES = YES;
				CODE_SIGN_STYLE = Automatic;
				CURRENT_PROJECT_VERSION = 1;
				GENERATE_INFOPLIST_FILE = YES;
				MARKETING_VERSION = 1.0;
				PRODUCT_BUNDLE_IDENTIFIER = "Flow-Chat.Flow-ChatUITests";
				PRODUCT_NAME = "$(TARGET_NAME)";
				SWIFT_EMIT_LOC_STRINGS = NO;
				SWIFT_VERSION = 5.0;
				TARGETED_DEVICE_FAMILY = "1,2";
				TEST_TARGET_NAME = "Flow Chat";
			};
			name = Release;
		};
/* End XCBuildConfiguration section */

/* Begin XCConfigurationList section */
		C131152529A2875100227386 /* Build configuration list for PBXProject "Flow Chat" */ = {
			isa = XCConfigurationList;
			buildConfigurations = (
				C131154C29A2875500227386 /* Debug */,
				C131154D29A2875500227386 /* Release */,
			);
			defaultConfigurationIsVisible = 0;
			defaultConfigurationName = Release;
		};
		C131154E29A2875500227386 /* Build configuration list for PBXNativeTarget "Flow Chat" */ = {
			isa = XCConfigurationList;
			buildConfigurations = (
				C131154F29A2875500227386 /* Debug */,
				C131155029A2875500227386 /* Release */,
			);
			defaultConfigurationIsVisible = 0;
			defaultConfigurationName = Release;
		};
		C131155129A2875500227386 /* Build configuration list for PBXNativeTarget "Flow ChatTests" */ = {
			isa = XCConfigurationList;
			buildConfigurations = (
				C131155229A2875500227386 /* Debug */,
				C131155329A2875500227386 /* Release */,
			);
			defaultConfigurationIsVisible = 0;
			defaultConfigurationName = Release;
		};
		C131155429A2875500227386 /* Build configuration list for PBXNativeTarget "Flow ChatUITests" */ = {
			isa = XCConfigurationList;
			buildConfigurations = (
				C131155529A2875500227386 /* Debug */,
				C131155629A2875500227386 /* Release */,
			);
			defaultConfigurationIsVisible = 0;
			defaultConfigurationName = Release;
		};
/* End XCConfigurationList section */

/* Begin XCRemoteSwiftPackageReference section */
		C131156529A2A94D00227386 /* XCRemoteSwiftPackageReference "fcl-swift" */ = {
			isa = XCRemoteSwiftPackageReference;
			repositoryURL = "https://github.com/outblock/fcl-swift.git";
			requirement = {
				kind = upToNextMajorVersion;
				minimumVersion = 0.1.0;
			};
		};
/* End XCRemoteSwiftPackageReference section */

/* Begin XCSwiftPackageProductDependency section */
		C131156629A2A94D00227386 /* FCL */ = {
			isa = XCSwiftPackageProductDependency;
			package = C131156529A2A94D00227386 /* XCRemoteSwiftPackageReference "fcl-swift" */;
			productName = FCL;
		};
/* End XCSwiftPackageProductDependency section */
	};
	rootObject = C131152229A2875100227386 /* Project object */;
}
